
Microsoft Visual Studio Solution File, Format Version 12.00
# Visual Studio Version 16
VisualStudioVersion = 16.0.29709.97
MinimumVisualStudioVersion = 10.0.40219.1
Project("{FAE04EC0-301F-11D3-BF4B-00C04F79EFBC}") = "com.ptdave.google.signin", "com.ptdave.google.signin\com.ptdave.google.signin.csproj", "{944C46F4-76E6-4E86-B086-2731ED8DB89F}"
EndProject
Global
	GlobalSection(SolutionConfigurationPlatforms) = preSolution
		Debug|Any CPU = Debug|Any CPU
		Release|Any CPU = Release|Any CPU
	EndGlobalSection
	GlobalSection(ProjectConfigurationPlatforms) = postSolution
		{944C46F4-76E6-4E86-B086-2731ED8DB89F}.Debug|Any CPU.ActiveCfg = Debug|Any CPU
		{944C46F4-76E6-4E86-B086-2731ED8DB89F}.Debug|Any CPU.Build.0 = Debug|Any CPU
		{944C46F4-76E6-4E86-B086-2731ED8DB89F}.Release|Any CPU.ActiveCfg = Release|Any CPU
		{944C46F4-76E6-4E86-B086-2731ED8DB89F}.Release|Any CPU.Build.0 = Release|Any CPU
	EndGlobalSection
	GlobalSection(SolutionProperties) = preSolution
		HideSolutionNode = FALSE
	EndGlobalSection
	GlobalSection(ExtensibilityGlobals) = postSolution
		SolutionGuid = {D1643258-8A88-4F15-AF73-D6181CEA7C3F}
	EndGlobalSection
EndGlobal
